
Microsoft Visual Studio Solution File, Format Version 12.00
# Visual Studio 15
VisualStudioVersion = 15.0.28307.271
MinimumVisualStudioVersion = 10.0.40219.1
Project("{9A19103F-16F7-4668-BE54-9A1E7A4F7556}") = "COMP4911Timesheets", "COMP4911Timesheets\COMP4911Timesheets.csproj", "{54A4AE05-E942-47D5-8C08-CACA26A580A6}"
EndProject
Project("{FAE04EC0-301F-11D3-BF4B-00C04F79EFBC}") = "TimesheetsTest", "TimesheetsTest\TimesheetsTest.csproj", "{680624B1-5D24-42F9-9B9C-D9309D133508}"
EndProject
Global
	GlobalSection(SolutionConfigurationPlatforms) = preSolution
		Debug|Any CPU = Debug|Any CPU
		Release|Any CPU = Release|Any CPU
	EndGlobalSection
	GlobalSection(ProjectConfigurationPlatforms) = postSolution
		{54A4AE05-E942-47D5-8C08-CACA26A580A6}.Debug|Any CPU.ActiveCfg = Debug|Any CPU
		{54A4AE05-E942-47D5-8C08-CACA26A580A6}.Debug|Any CPU.Build.0 = Debug|Any CPU
		{54A4AE05-E942-47D5-8C08-CACA26A580A6}.Release|Any CPU.ActiveCfg = Release|Any CPU
		{54A4AE05-E942-47D5-8C08-CACA26A580A6}.Release|Any CPU.Build.0 = Release|Any CPU
		{680624B1-5D24-42F9-9B9C-D9309D133508}.Debug|Any CPU.ActiveCfg = Debug|Any CPU
		{680624B1-5D24-42F9-9B9C-D9309D133508}.Debug|Any CPU.Build.0 = Debug|Any CPU
		{680624B1-5D24-42F9-9B9C-D9309D133508}.Release|Any CPU.ActiveCfg = Release|Any CPU
		{680624B1-5D24-42F9-9B9C-D9309D133508}.Release|Any CPU.Build.0 = Release|Any CPU
	EndGlobalSection
	GlobalSection(SolutionProperties) = preSolution
		HideSolutionNode = FALSE
	EndGlobalSection
	GlobalSection(ExtensibilityGlobals) = postSolution
		SolutionGuid = {07646A3E-FCF5-4854-9AA6-4E80FEDBC88A}
	EndGlobalSection
EndGlobal
